PODS:
  - AEPAnalytics (4.0.0):
    - AEPCore (>= 4.0.0)
    - AEPServices (>= 4.0.0)
  - AEPAssurance (4.0.0):
    - AEPCore (>= 4.0.0)
    - AEPServices (>= 4.0.0)
  - AEPCore (4.1.0):
    - AEPRulesEngine (>= 4.0.0)
    - AEPServices (>= 4.1.0)
  - AEPIdentity (4.1.0):
    - AEPCore (>= 4.1.0)
  - AEPLifecycle (4.1.0):
    - AEPCore (>= 4.1.0)
  - AEPRulesEngine (4.0.0)
  - AEPServices (4.1.0)
  - AEPSignal (4.1.0):
    - AEPCore (>= 4.1.0)
  - SwiftLint (0.52.0)
  - SwiftyJSON (5.0.1)

DEPENDENCIES:
  - AEPAnalytics
  - AEPAssurance
  - AEPCore
  - AEPIdentity
  - AEPLifecycle
  - AEPSignal
  - SwiftLint (= 0.52.0)
  - SwiftyJSON (~> 5.0)

SPEC REPOS:
  trunk:
    - AEPAnalytics
    - AEPAssurance
    - AEPCore
    - AEPIdentity
    - AEPLifecycle
    - AEPRulesEngine
    - AEPServices
    - AEPSignal
    - SwiftLint
    - SwiftyJSON

SPEC CHECKSUMS:
  AEPAnalytics: a510eb9653fac7f913965ad4291c8d51f74ffdcd
  AEPAssurance: 4fa3138ddd7308c1f9923570f4d2b0b8526a916f
  AEPCore: 20fb832a7467b25ca4aca186c0a5a1e3c0c6abc3
  AEPIdentity: 88671626d6043a488896ee7d71483a8bcec80739
  AEPLifecycle: 97693ea99ef9deb818b726a4e429ef96abb1353e
  AEPRulesEngine: 458450a34922823286ead045a0c2bd8c27e224c6
  AEPServices: d94555679870311d2f1391c5d7a5de590fd1f3c0
  AEPSignal: 9152e68bae462276f57ac63666e879cc7ff7c302
  SwiftLint: 13280e21cdda6786ad908dc6e416afe5acd1fcb7
  SwiftyJSON: 2f33a42c6fbc52764d96f13368585094bfd8aa5e

PODFILE CHECKSUM: 1bd89ae58d6428500bd6e1790c6f8c5528439c6c

COCOAPODS: 1.12.1
