PODS:
  - AEPAnalytics (4.0.0):
    - AEPCore (>= 4.0.0)
    - AEPServices (>= 4.0.0)
  - AEPAssurance (4.1.1):
    - AEPCore (>= 4.0.0)
    - AEPServices (>= 4.0.0)
  - AEPCore (4.2.2):
    - AEPRulesEngine (>= 4.0.0)
    - AEPServices (>= 4.2.2)
  - AEPIdentity (4.2.2):
    - AEPCore (>= 4.2.2)
  - AEPLifecycle (4.2.2):
    - AEPCore (>= 4.2.2)
  - AEPRulesEngine (4.0.0)
  - AEPServices (4.2.2)
  - AEPSignal (4.2.2):
    - AEPCore (>= 4.2.2)
  - SwiftLint (0.52.0)
  - SwiftyJSON (5.0.1)

DEPENDENCIES:
  - AEPAnalytics
  - AEPAssurance
  - AEPCore
  - AEPIdentity
  - AEPLifecycle
  - AEPSignal
  - SwiftLint (= 0.52.0)
  - SwiftyJSON (~> 5.0)

SPEC REPOS:
  trunk:
    - AEPAnalytics
    - AEPAssurance
    - AEPCore
    - AEPIdentity
    - AEPLifecycle
    - AEPRulesEngine
    - AEPServices
    - AEPSignal
    - SwiftLint
    - SwiftyJSON

SPEC CHECKSUMS:
  AEPAnalytics: a510eb9653fac7f913965ad4291c8d51f74ffdcd
  AEPAssurance: 765587ef65481bab544aa25efcfa294e14161d49
  AEPCore: 3c0367f3454ae9950ae1f92f0d5f417ed747a49b
  AEPIdentity: 57e6b330e8665389ac260c0c53dd779900335fb7
  AEPLifecycle: 7391e64fc0dc0b85735bf807e471d8076edb391d
  AEPRulesEngine: 458450a34922823286ead045a0c2bd8c27e224c6
  AEPServices: cc895946c9fb56a74334bf3950a3b067b073fcd1
  AEPSignal: 092b5f92bf2d64db844309fe8b0fe81e0898f513
  SwiftLint: 13280e21cdda6786ad908dc6e416afe5acd1fcb7
  SwiftyJSON: 2f33a42c6fbc52764d96f13368585094bfd8aa5e

PODFILE CHECKSUM: 1bd89ae58d6428500bd6e1790c6f8c5528439c6c

COCOAPODS: 1.14.2
